<?xml version="1.0" encoding="utf-8"?>
<Project ToolsVersion="4.0" xmlns="http://schemas.microsoft.com/developer/msbuild/2003">
  <ItemGroup>
    <ClCompile Include="main.cpp" />
    <ClCompile Include="Zombie.cpp" />
    <ClCompile Include="..\Common\Utilities.cpp" />
    <ClCompile Include="..\Common\keyboard.cpp" />
    <ClCompile Include="..\Common\Groups.cpp" />
  </ItemGroup>
  <ItemGroup>
    <ClInclude Include="Zombie.h" />
    <ClInclude Include="..\inc\enums.h" />
    <ClInclude Include="..\inc\natives.h" />
    <ClInclude Include="..\inc\types.h" />
    <ClInclude Include="..\Common\Zones.h" />
    <ClInclude Include="..\Common\ZombieModels.h" />
    <ClInclude Include="..\Common\Groups.h" />
  </ItemGroup>
  <ItemGroup>
    <Filter Include="include">
      <UniqueIdentifier>{fe82bd4a-2d14-486a-8be5-8bf6b50a2414}</UniqueIdentifier>
    </Filter>
  </ItemGroup>
</Project>